
Microsoft Visual Studio Solution File, Format Version 12.00
# Visual Studio Version 17
VisualStudioVersion = 17.10.35013.160
MinimumVisualStudioVersion = 10.0.40219.1
Project("{FAE04EC0-301F-11D3-BF4B-00C04F79EFBC}") = "progetto Venederdi 19 07", "progetto Venederdi 19 07\progetto Venederdi 19 07.csproj", "{5C426BC9-03F3-43B9-B099-60539FA7CC1A}"
EndProject
Global
	GlobalSection(SolutionConfigurationPlatforms) = preSolution
		Debug|Any CPU = Debug|Any CPU
		Release|Any CPU = Release|Any CPU
	EndGlobalSection
	GlobalSection(ProjectConfigurationPlatforms) = postSolution
		{5C426BC9-03F3-43B9-B099-60539FA7CC1A}.Debug|Any CPU.ActiveCfg = Debug|Any CPU
		{5C426BC9-03F3-43B9-B099-60539FA7CC1A}.Debug|Any CPU.Build.0 = Debug|Any CPU
		{5C426BC9-03F3-43B9-B099-60539FA7CC1A}.Release|Any CPU.ActiveCfg = Release|Any CPU
		{5C426BC9-03F3-43B9-B099-60539FA7CC1A}.Release|Any CPU.Build.0 = Release|Any CPU
	EndGlobalSection
	GlobalSection(SolutionProperties) = preSolution
		HideSolutionNode = FALSE
	EndGlobalSection
	GlobalSection(ExtensibilityGlobals) = postSolution
		SolutionGuid = {FEF8550C-6E59-4DE2-810C-7BBDED32C382}
	EndGlobalSection
EndGlobal
